
Microsoft Visual Studio Solution File, Format Version 12.00
# Visual Studio Version 17
VisualStudioVersion = 17.6.33712.159
MinimumVisualStudioVersion = 10.0.40219.1
Project("{FAE04EC0-301F-11D3-BF4B-00C04F79EFBC}") = "Lab1.2", "Lab1.2\Lab1.2.csproj", "{EAC8B040-CF19-4C90-85B2-497979AE9024}"
EndProject
Global
	GlobalSection(SolutionConfigurationPlatforms) = preSolution
		Debug|Any CPU = Debug|Any CPU
		Release|Any CPU = Release|Any CPU
	EndGlobalSection
	GlobalSection(ProjectConfigurationPlatforms) = postSolution
		{EAC8B040-CF19-4C90-85B2-497979AE9024}.Debug|Any CPU.ActiveCfg = Debug|Any CPU
		{EAC8B040-CF19-4C90-85B2-497979AE9024}.Debug|Any CPU.Build.0 = Debug|Any CPU
		{EAC8B040-CF19-4C90-85B2-497979AE9024}.Release|Any CPU.ActiveCfg = Release|Any CPU
		{EAC8B040-CF19-4C90-85B2-497979AE9024}.Release|Any CPU.Build.0 = Release|Any CPU
	EndGlobalSection
	GlobalSection(SolutionProperties) = preSolution
		HideSolutionNode = FALSE
	EndGlobalSection
	GlobalSection(ExtensibilityGlobals) = postSolution
		SolutionGuid = {B1A322BC-840A-4C6F-9E80-5F439F4F3B2F}
	EndGlobalSection
EndGlobal
